// !$*UTF8*$!
{
	archiveVersion = 1;
	classes = {
	};
	objectVersion = 46;
	objects = {

/* Begin PBXBuildFile section */
		A414AC821D39D17B0065AAA7 /* HttpManager.m in Sources */ = {isa = PBXBuildFile; fileRef = A414AC811D39D17B0065AAA7 /* HttpManager.m */; };
		A414AC8D1D3A08150065AAA7 /* addbook_book_cover@2x.png in Resources */ = {isa = PBXBuildFile; fileRef = A414AC891D3A08150065AAA7 /* addbook_book_cover@2x.png */; };
		A414AC8E1D3A08150065AAA7 /* addbook_book_cover@3x.png in Resources */ = {isa = PBXBuildFile; fileRef = A414AC8A1D3A08150065AAA7 /* addbook_book_cover@3x.png */; };
		A414AC8F1D3A08150065AAA7 /* RedPushpin.png in Resources */ = {isa = PBXBuildFile; fileRef = A414AC8B1D3A08150065AAA7 /* RedPushpin.png */; };
		A414AC901D3A08150065AAA7 /* RedPushpin@2x.png in Resources */ = {isa = PBXBuildFile; fileRef = A414AC8C1D3A08150065AAA7 /* RedPushpin@2x.png */; };
		A414AC9F1D3A1CD10065AAA7 /* ImagePickerViewController.m in Sources */ = {isa = PBXBuildFile; fileRef = A414AC981D3A1CD10065AAA7 /* ImagePickerViewController.m */; };
		A414ACA01D3A1CD10065AAA7 /* SupportRotationSelectBaseViewController.m in Sources */ = {isa = PBXBuildFile; fileRef = A414AC9A1D3A1CD10065AAA7 /* SupportRotationSelectBaseViewController.m */; };
		A414ACA11D3A1CD10065AAA7 /* SupportRotationSelectNavigationController.m in Sources */ = {isa = PBXBuildFile; fileRef = A414AC9C1D3A1CD10065AAA7 /* SupportRotationSelectNavigationController.m */; };
		A414ACA21D3A1CD10065AAA7 /* VideoPlayViewController.m in Sources */ = {isa = PBXBuildFile; fileRef = A414AC9E1D3A1CD10065AAA7 /* VideoPlayViewController.m */; };
		A414ACAA1D3A1D6C0065AAA7 /* ELCAlbumPickerController.xib in Resources */ = {isa = PBXBuildFile; fileRef = A414ACA51D3A1D6C0065AAA7 /* ELCAlbumPickerController.xib */; };
		A414ACAB1D3A1D6C0065AAA7 /* ELCAssetPicker.xib in Resources */ = {isa = PBXBuildFile; fileRef = A414ACA61D3A1D6C0065AAA7 /* ELCAssetPicker.xib */; };
		A414ACAC1D3A1D6C0065AAA7 /* ELCAssetTablePicker.xib in Resources */ = {isa = PBXBuildFile; fileRef = A414ACA71D3A1D6C0065AAA7 /* ELCAssetTablePicker.xib */; };
		A414ACAD1D3A1D6C0065AAA7 /* Overlay.png in Resources */ = {isa = PBXBuildFile; fileRef = A414ACA81D3A1D6C0065AAA7 /* Overlay.png */; };
		A414ACAE1D3A1D6C0065AAA7 /* Overlay@2x.png in Resources */ = {isa = PBXBuildFile; fileRef = A414ACA91D3A1D6C0065AAA7 /* Overlay@2x.png */; };
		A414ACC01D3A1D890065AAA7 /* ELCAlbumPickerController.m in Sources */ = {isa = PBXBuildFile; fileRef = A414ACB01D3A1D890065AAA7 /* ELCAlbumPickerController.m */; };
		A414ACC11D3A1D890065AAA7 /* ELCAsset.m in Sources */ = {isa = PBXBuildFile; fileRef = A414ACB21D3A1D890065AAA7 /* ELCAsset.m */; };
		A414ACC21D3A1D890065AAA7 /* ELCAssetCell.m in Sources */ = {isa = PBXBuildFile; fileRef = A414ACB41D3A1D890065AAA7 /* ELCAssetCell.m */; };
		A414ACC31D3A1D890065AAA7 /* ELCAssetTablePicker.m in Sources */ = {isa = PBXBuildFile; fileRef = A414ACB81D3A1D890065AAA7 /* ELCAssetTablePicker.m */; };
		A414ACC41D3A1D890065AAA7 /* ELCConsole.m in Sources */ = {isa = PBXBuildFile; fileRef = A414ACBA1D3A1D890065AAA7 /* ELCConsole.m */; };
		A414ACC51D3A1D890065AAA7 /* ELCImagePickerController.m in Sources */ = {isa = PBXBuildFile; fileRef = A414ACBC1D3A1D890065AAA7 /* ELCImagePickerController.m */; };
		A414ACC61D3A1D890065AAA7 /* ELCOverlayImageView.m in Sources */ = {isa = PBXBuildFile; fileRef = A414ACBF1D3A1D890065AAA7 /* ELCOverlayImageView.m */; };
		A414ACC91D3B20970065AAA7 /* WebViewController.m in Sources */ = {isa = PBXBuildFile; fileRef = A414ACC81D3B20970065AAA7 /* WebViewController.m */; };
		A4569C911D33B53800A06B1C /* DownPicker.m in Sources */ = {isa = PBXBuildFile; fileRef = A4569C8E1D33B53800A06B1C /* DownPicker.m */; };
		A4569C921D33B53800A06B1C /* UIDownPicker.m in Sources */ = {isa = PBXBuildFile; fileRef = A4569C901D33B53800A06B1C /* UIDownPicker.m */; };
		A4569C971D33B5AE00A06B1C /* EventReportViewController.m in Sources */ = {isa = PBXBuildFile; fileRef = A4569C961D33B5AE00A06B1C /* EventReportViewController.m */; };
		A48021FE1D320C9600AE2AF9 /* MapViewController+Action.m in Sources */ = {isa = PBXBuildFile; fileRef = A48021FD1D320C9600AE2AF9 /* MapViewController+Action.m */; };
		A48022021D32216A00AE2AF9 /* User.m in Sources */ = {isa = PBXBuildFile; fileRef = A48022011D32216A00AE2AF9 /* User.m */; };
		A48022061D32262600AE2AF9 /* ItemCallOutView.m in Sources */ = {isa = PBXBuildFile; fileRef = A48022051D32262600AE2AF9 /* ItemCallOutView.m */; };
		A480220B1D3229AB00AE2AF9 /* CallOutItem.m in Sources */ = {isa = PBXBuildFile; fileRef = A480220A1D3229AB00AE2AF9 /* CallOutItem.m */; };
		A48022201D32512700AE2AF9 /* AppDelegate+LaunchInits.m in Sources */ = {isa = PBXBuildFile; fileRef = A480221F1D32512700AE2AF9 /* AppDelegate+LaunchInits.m */; };
		A485992C1D3B42BD0050AC88 /* launchScreen.jpg in Resources */ = {isa = PBXBuildFile; fileRef = A485992B1D3B42BD0050AC88 /* launchScreen.jpg */; };
		A48599391D3B4C840050AC88 /* SVIndefiniteAnimatedView.m in Sources */ = {isa = PBXBuildFile; fileRef = A48599341D3B4C840050AC88 /* SVIndefiniteAnimatedView.m */; };
		A485993A1D3B4C840050AC88 /* SVProgressHUD.bundle in Resources */ = {isa = PBXBuildFile; fileRef = A48599361D3B4C840050AC88 /* SVProgressHUD.bundle */; };
		A485993B1D3B4C840050AC88 /* SVProgressHUD.m in Sources */ = {isa = PBXBuildFile; fileRef = A48599381D3B4C840050AC88 /* SVProgressHUD.m */; };
		A485993E1D3B51610050AC88 /* LoginViewController.m in Sources */ = {isa = PBXBuildFile; fileRef = A485993D1D3B51610050AC88 /* LoginViewController.m */; };
		A48599411D3BB52B0050AC88 /* MapViewManager.m in Sources */ = {isa = PBXBuildFile; fileRef = A48599401D3BB52B0050AC88 /* MapViewManager.m */; };
		A4958F9B1D0DAC9F001FCE6F /* DetailInfoViewController.m in Sources */ = {isa = PBXBuildFile; fileRef = A4958F9A1D0DAC9F001FCE6F /* DetailInfoViewController.m */; };
		A4958FA81D0EFA38001FCE6F /* RouteManager.m in Sources */ = {isa = PBXBuildFile; fileRef = A4958FA71D0EFA38001FCE6F /* RouteManager.m */; };
		A4A378891D365DC100A7342D /* AFHTTPSessionManager.m in Sources */ = {isa = PBXBuildFile; fileRef = A4A3787D1D365DC100A7342D /* AFHTTPSessionManager.m */; };
		A4A3788A1D365DC100A7342D /* AFNetworkReachabilityManager.m in Sources */ = {isa = PBXBuildFile; fileRef = A4A378801D365DC100A7342D /* AFNetworkReachabilityManager.m */; };
		A4A3788B1D365DC100A7342D /* AFSecurityPolicy.m in Sources */ = {isa = PBXBuildFile; fileRef = A4A378821D365DC100A7342D /* AFSecurityPolicy.m */; };
		A4A3788C1D365DC100A7342D /* AFURLRequestSerialization.m in Sources */ = {isa = PBXBuildFile; fileRef = A4A378841D365DC100A7342D /* AFURLRequestSerialization.m */; };
		A4A3788D1D365DC100A7342D /* AFURLResponseSerialization.m in Sources */ = {isa = PBXBuildFile; fileRef = A4A378861D365DC100A7342D /* AFURLResponseSerialization.m */; };
		A4A3788E1D365DC100A7342D /* AFURLSessionManager.m in Sources */ = {isa = PBXBuildFile; fileRef = A4A378881D365DC100A7342D /* AFURLSessionManager.m */; };
		A4A378921D378D7600A7342D /* QRCodeViewController.m in Sources */ = {isa = PBXBuildFile; fileRef = A4A378911D378D7600A7342D /* QRCodeViewController.m */; };
		A4DD86881D0976B00096B548 /* main.m in Sources */ = {isa = PBXBuildFile; fileRef = A4DD86871D0976B00096B548 /* main.m */; };
		A4DD868B1D0976B00096B548 /* AppDelegate.m in Sources */ = {isa = PBXBuildFile; fileRef = A4DD868A1D0976B00096B548 /* AppDelegate.m */; };
		A4DD868E1D0976B00096B548 /* MapViewController.m in Sources */ = {isa = PBXBuildFile; fileRef = A4DD868D1D0976B00096B548 /* MapViewController.m */; };
		A4DD86911D0976B00096B548 /* Main.storyboard in Resources */ = {isa = PBXBuildFile; fileRef = A4DD868F1D0976B00096B548 /* Main.storyboard */; };
		A4DD86931D0976B00096B548 /* Assets.xcassets in Resources */ = {isa = PBXBuildFile; fileRef = A4DD86921D0976B00096B548 /* Assets.xcassets */; };
		A4DD86961D0976B00096B548 /* LaunchScreen.storyboard in Resources */ = {isa = PBXBuildFile; fileRef = A4DD86941D0976B00096B548 /* LaunchScreen.storyboard */; };
		A4DD869E1D0978FC0096B548 /* ArcGIS.bundle in Resources */ = {isa = PBXBuildFile; fileRef = A4DD869D1D0978FC0096B548 /* ArcGIS.bundle */; };
		A4DD86A01D097A9A0096B548 /* libc++.tbd in Frameworks */ = {isa = PBXBuildFile; fileRef = A4DD869F1D097A9A0096B548 /* libc++.tbd */; };
		B21163E81D0FB03A003F90A6 /* RouteViewController.m in Sources */ = {isa = PBXBuildFile; fileRef = B21163E71D0FB03A003F90A6 /* RouteViewController.m */; };
/* End PBXBuildFile section */

/* Begin PBXFileReference section */
		A414AC801D39D17B0065AAA7 /* HttpManager.h */ = {isa = PBXFileReference; fileEncoding = 4; lastKnownFileType = sourcecode.c.h; name = HttpManager.h; path = functions/Util/HttpManager.h; sourceTree = "<group>"; };
		A414AC811D39D17B0065AAA7 /* HttpManager.m */ = {isa = PBXFileReference; fileEncoding = 4; lastKnownFileType = sourcecode.c.objc; name = HttpManager.m; path = functions/Util/HttpManager.m; sourceTree = "<group>"; };
		A414AC891D3A08150065AAA7 /* addbook_book_cover@2x.png */ = {isa = PBXFileReference; lastKnownFileType = image.png; name = "addbook_book_cover@2x.png"; path = "images/addbook_book_cover@2x.png"; sourceTree = "<group>"; };
		A414AC8A1D3A08150065AAA7 /* addbook_book_cover@3x.png */ = {isa = PBXFileReference; lastKnownFileType = image.png; name = "addbook_book_cover@3x.png"; path = "images/addbook_book_cover@3x.png"; sourceTree = "<group>"; };
		A414AC8B1D3A08150065AAA7 /* RedPushpin.png */ = {isa = PBXFileReference; lastKnownFileType = image.png; name = RedPushpin.png; path = images/RedPushpin.png; sourceTree = "<group>"; };
		A414AC8C1D3A08150065AAA7 /* RedPushpin@2x.png */ = {isa = PBXFileReference; lastKnownFileType = image.png; name = "RedPushpin@2x.png"; path = "images/RedPushpin@2x.png"; sourceTree = "<group>"; };
		A414AC971D3A1CD10065AAA7 /* ImagePickerViewController.h */ = {isa = PBXFileReference; fileEncoding = 4; lastKnownFileType = sourcecode.c.h; name = ImagePickerViewController.h; path = functions/NSBDBusiness/ImagePickerViewController.h; sourceTree = "<group>"; };
		A414AC981D3A1CD10065AAA7 /* ImagePickerViewController.m */ = {isa = PBXFileReference; fileEncoding = 4; lastKnownFileType = sourcecode.c.objc; name = ImagePickerViewController.m; path = functions/NSBDBusiness/ImagePickerViewController.m; sourceTree = "<group>"; };
		A414AC991D3A1CD10065AAA7 /* SupportRotationSelectBaseViewController.h */ = {isa = PBXFileReference; fileEncoding = 4; lastKnownFileType = sourcecode.c.h; name = SupportRotationSelectBaseViewController.h; path = functions/NSBDBusiness/SupportRotationSelectBaseViewController.h; sourceTree = "<group>"; };
		A414AC9A1D3A1CD10065AAA7 /* SupportRotationSelectBaseViewController.m */ = {isa = PBXFileReference; fileEncoding = 4; lastKnownFileType = sourcecode.c.objc; name = SupportRotationSelectBaseViewController.m; path = functions/NSBDBusiness/SupportRotationSelectBaseViewController.m; sourceTree = "<group>"; };
		A414AC9B1D3A1CD10065AAA7 /* SupportRotationSelectNavigationController.h */ = {isa = PBXFileReference; fileEncoding = 4; lastKnownFileType = sourcecode.c.h; name = SupportRotationSelectNavigationController.h; path = functions/NSBDBusiness/SupportRotationSelectNavigationController.h; sourceTree = "<group>"; };
		A414AC9C1D3A1CD10065AAA7 /* SupportRotationSelectNavigationController.m */ = {isa = PBXFileReference; fileEncoding = 4; lastKnownFileType = sourcecode.c.objc; name = SupportRotationSelectNavigationController.m; path = functions/NSBDBusiness/SupportRotationSelectNavigationController.m; sourceTree = "<group>"; };
		A414AC9D1D3A1CD10065AAA7 /* VideoPlayViewController.h */ = {isa = PBXFileReference; fileEncoding = 4; lastKnownFileType = sourcecode.c.h; name = VideoPlayViewController.h; path = functions/NSBDBusiness/VideoPlayViewController.h; sourceTree = "<group>"; };
		A414AC9E1D3A1CD10065AAA7 /* VideoPlayViewController.m */ = {isa = PBXFileReference; fileEncoding = 4; lastKnownFileType = sourcecode.c.objc; name = VideoPlayViewController.m; path = functions/NSBDBusiness/VideoPlayViewController.m; sourceTree = "<group>"; };
		A414ACA51D3A1D6C0065AAA7 /* ELCAlbumPickerController.xib */ = {isa = PBXFileReference; fileEncoding = 4; lastKnownFileType = file.xib; path = ELCAlbumPickerController.xib; sourceTree = "<group>"; };
		A414ACA61D3A1D6C0065AAA7 /* ELCAssetPicker.xib */ = {isa = PBXFileReference; fileEncoding = 4; lastKnownFileType = file.xib; path = ELCAssetPicker.xib; sourceTree = "<group>"; };
		A414ACA71D3A1D6C0065AAA7 /* ELCAssetTablePicker.xib */ = {isa = PBXFileReference; fileEncoding = 4; lastKnownFileType = file.xib; path = ELCAssetTablePicker.xib; sourceTree = "<group>"; };
		A414ACA81D3A1D6C0065AAA7 /* Overlay.png */ = {isa = PBXFileReference; lastKnownFileType = image.png; path = Overlay.png; sourceTree = "<group>"; };
		A414ACA91D3A1D6C0065AAA7 /* Overlay@2x.png */ = {isa = PBXFileReference; lastKnownFileType = image.png; path = "Overlay@2x.png"; sourceTree = "<group>"; };
		A414ACAF1D3A1D890065AAA7 /* ELCAlbumPickerController.h */ = {isa = PBXFileReference; fileEncoding = 4; lastKnownFileType = sourcecode.c.h; name = ELCAlbumPickerController.h; path = functions/ELCImagePicker/ELCAlbumPickerController.h; sourceTree = "<group>"; };
		A414ACB01D3A1D890065AAA7 /* ELCAlbumPickerController.m */ = {isa = PBXFileReference; fileEncoding = 4; lastKnownFileType = sourcecode.c.objc; name = ELCAlbumPickerController.m; path = functions/ELCImagePicker/ELCAlbumPickerController.m; sourceTree = "<group>"; };
		A414ACB11D3A1D890065AAA7 /* ELCAsset.h */ = {isa = PBXFileReference; fileEncoding = 4; lastKnownFileType = sourcecode.c.h; name = ELCAsset.h; path = functions/ELCImagePicker/ELCAsset.h; sourceTree = "<group>"; };
		A414ACB21D3A1D890065AAA7 /* ELCAsset.m */ = {isa = PBXFileReference; fileEncoding = 4; lastKnownFileType = sourcecode.c.objc; name = ELCAsset.m; path = functions/ELCImagePicker/ELCAsset.m; sourceTree = "<group>"; };
		A414ACB31D3A1D890065AAA7 /* ELCAssetCell.h */ = {isa = PBXFileReference; fileEncoding = 4; lastKnownFileType = sourcecode.c.h; name = ELCAssetCell.h; path = functions/ELCImagePicker/ELCAssetCell.h; sourceTree = "<group>"; };
		A414ACB41D3A1D890065AAA7 /* ELCAssetCell.m */ = {isa = PBXFileReference; fileEncoding = 4; lastKnownFileType = sourcecode.c.objc; name = ELCAssetCell.m; path = functions/ELCImagePicker/ELCAssetCell.m; sourceTree = "<group>"; };
		A414ACB51D3A1D890065AAA7 /* ELCAssetPickerFilterDelegate.h */ = {isa = PBXFileReference; fileEncoding = 4; lastKnownFileType = sourcecode.c.h; name = ELCAssetPickerFilterDelegate.h; path = functions/ELCImagePicker/ELCAssetPickerFilterDelegate.h; sourceTree = "<group>"; };
		A414ACB61D3A1D890065AAA7 /* ELCAssetSelectionDelegate.h */ = {isa = PBXFileReference; fileEncoding = 4; lastKnownFileType = sourcecode.c.h; name = ELCAssetSelectionDelegate.h; path = functions/ELCImagePicker/ELCAssetSelectionDelegate.h; sourceTree = "<group>"; };
		A414ACB71D3A1D890065AAA7 /* ELCAssetTablePicker.h */ = {isa = PBXFileReference; fileEncoding = 4; lastKnownFileType = sourcecode.c.h; name = ELCAssetTablePicker.h; path = functions/ELCImagePicker/ELCAssetTablePicker.h; sourceTree = "<group>"; };
		A414ACB81D3A1D890065AAA7 /* ELCAssetTablePicker.m */ = {isa = PBXFileReference; fileEncoding = 4; lastKnownFileType = sourcecode.c.objc; name = ELCAssetTablePicker.m; path = functions/ELCImagePicker/ELCAssetTablePicker.m; sourceTree = "<group>"; };
		A414ACB91D3A1D890065AAA7 /* ELCConsole.h */ = {isa = PBXFileReference; fileEncoding = 4; lastKnownFileType = sourcecode.c.h; name = ELCConsole.h; path = functions/ELCImagePicker/ELCConsole.h; sourceTree = "<group>"; };
		A414ACBA1D3A1D890065AAA7 /* ELCConsole.m */ = {isa = PBXFileReference; fileEncoding = 4; lastKnownFileType = sourcecode.c.objc; name = ELCConsole.m; path = functions/ELCImagePicker/ELCConsole.m; sourceTree = "<group>"; };
		A414ACBB1D3A1D890065AAA7 /* ELCImagePickerController.h */ = {isa = PBXFileReference; fileEncoding = 4; lastKnownFileType = sourcecode.c.h; name = ELCImagePickerController.h; path = functions/ELCImagePicker/ELCImagePickerController.h; sourceTree = "<group>"; };
		A414ACBC1D3A1D890065AAA7 /* ELCImagePickerController.m */ = {isa = PBXFileReference; fileEncoding = 4; lastKnownFileType = sourcecode.c.objc; name = ELCImagePickerController.m; path = functions/ELCImagePicker/ELCImagePickerController.m; sourceTree = "<group>"; };
		A414ACBD1D3A1D890065AAA7 /* ELCImagePickerHeader.h */ = {isa = PBXFileReference; fileEncoding = 4; lastKnownFileType = sourcecode.c.h; name = ELCImagePickerHeader.h; path = functions/ELCImagePicker/ELCImagePickerHeader.h; sourceTree = "<group>"; };
		A414ACBE1D3A1D890065AAA7 /* ELCOverlayImageView.h */ = {isa = PBXFileReference; fileEncoding = 4; lastKnownFileType = sourcecode.c.h; name = ELCOverlayImageView.h; path = functions/ELCImagePicker/ELCOverlayImageView.h; sourceTree = "<group>"; };
		A414ACBF1D3A1D890065AAA7 /* ELCOverlayImageView.m */ = {isa = PBXFileReference; fileEncoding = 4; lastKnownFileType = sourcecode.c.objc; name = ELCOverlayImageView.m; path = functions/ELCImagePicker/ELCOverlayImageView.m; sourceTree = "<group>"; };
		A414ACC71D3B20970065AAA7 /* WebViewController.h */ = {isa = PBXFileReference; fileEncoding = 4; lastKnownFileType = sourcecode.c.h; name = WebViewController.h; path = functions/NSBDBusiness/WebViewController.h; sourceTree = "<group>"; };
		A414ACC81D3B20970065AAA7 /* WebViewController.m */ = {isa = PBXFileReference; fileEncoding = 4; lastKnownFileType = sourcecode.c.objc; name = WebViewController.m; path = functions/NSBDBusiness/WebViewController.m; sourceTree = "<group>"; };
		A4569C8D1D33B53800A06B1C /* DownPicker.h */ = {isa = PBXFileReference; fileEncoding = 4; lastKnownFileType = sourcecode.c.h; name = DownPicker.h; path = functions/DropdownField/DownPicker.h; sourceTree = "<group>"; };
		A4569C8E1D33B53800A06B1C /* DownPicker.m */ = {isa = PBXFileReference; fileEncoding = 4; lastKnownFileType = sourcecode.c.objc; name = DownPicker.m; path = functions/DropdownField/DownPicker.m; sourceTree = "<group>"; };
		A4569C8F1D33B53800A06B1C /* UIDownPicker.h */ = {isa = PBXFileReference; fileEncoding = 4; lastKnownFileType = sourcecode.c.h; name = UIDownPicker.h; path = functions/DropdownField/UIDownPicker.h; sourceTree = "<group>"; };
		A4569C901D33B53800A06B1C /* UIDownPicker.m */ = {isa = PBXFileReference; fileEncoding = 4; lastKnownFileType = sourcecode.c.objc; name = UIDownPicker.m; path = functions/DropdownField/UIDownPicker.m; sourceTree = "<group>"; };
		A4569C951D33B5AE00A06B1C /* EventReportViewController.h */ = {isa = PBXFileReference; fileEncoding = 4; lastKnownFileType = sourcecode.c.h; name = EventReportViewController.h; path = functions/NSBDBusiness/EventReportViewController.h; sourceTree = "<group>"; };
		A4569C961D33B5AE00A06B1C /* EventReportViewController.m */ = {isa = PBXFileReference; fileEncoding = 4; lastKnownFileType = sourcecode.c.objc; name = EventReportViewController.m; path = functions/NSBDBusiness/EventReportViewController.m; sourceTree = "<group>"; };
		A48021FC1D320C9600AE2AF9 /* MapViewController+Action.h */ = {isa = PBXFileReference; fileEncoding = 4; lastKnownFileType = sourcecode.c.h; path = "MapViewController+Action.h"; sourceTree = "<group>"; };
		A48021FD1D320C9600AE2AF9 /* MapViewController+Action.m */ = {isa = PBXFileReference; fileEncoding = 4; lastKnownFileType = sourcecode.c.objc; path = "MapViewController+Action.m"; sourceTree = "<group>"; };
		A48022001D32216A00AE2AF9 /* User.h */ = {isa = PBXFileReference; fileEncoding = 4; lastKnownFileType = sourcecode.c.h; name = User.h; path = functions/Users/User.h; sourceTree = "<group>"; };
		A48022011D32216A00AE2AF9 /* User.m */ = {isa = PBXFileReference; fileEncoding = 4; lastKnownFileType = sourcecode.c.objc; name = User.m; path = functions/Users/User.m; sourceTree = "<group>"; };
		A48022041D32262600AE2AF9 /* ItemCallOutView.h */ = {isa = PBXFileReference; fileEncoding = 4; lastKnownFileType = sourcecode.c.h; path = ItemCallOutView.h; sourceTree = "<group>"; };
		A48022051D32262600AE2AF9 /* ItemCallOutView.m */ = {isa = PBXFileReference; fileEncoding = 4; lastKnownFileType = sourcecode.c.objc; path = ItemCallOutView.m; sourceTree = "<group>"; };
		A48022091D3229AB00AE2AF9 /* CallOutItem.h */ = {isa = PBXFileReference; fileEncoding = 4; lastKnownFileType = sourcecode.c.h; path = CallOutItem.h; sourceTree = "<group>"; };
		A480220A1D3229AB00AE2AF9 /* CallOutItem.m */ = {isa = PBXFileReference; fileEncoding = 4; lastKnownFileType = sourcecode.c.objc; path = CallOutItem.m; sourceTree = "<group>"; };
		A48022111D32365500AE2AF9 /* CommonDefine.h */ = {isa = PBXFileReference; lastKnownFileType = sourcecode.c.h; path = CommonDefine.h; sourceTree = "<group>"; };
		A480221E1D32512700AE2AF9 /* AppDelegate+LaunchInits.h */ = {isa = PBXFileReference; fileEncoding = 4; lastKnownFileType = sourcecode.c.h; path = "AppDelegate+LaunchInits.h"; sourceTree = "<group>"; };
		A480221F1D32512700AE2AF9 /* AppDelegate+LaunchInits.m */ = {isa = PBXFileReference; fileEncoding = 4; lastKnownFileType = sourcecode.c.objc; path = "AppDelegate+LaunchInits.m"; sourceTree = "<group>"; };
		A485992B1D3B42BD0050AC88 /* launchScreen.jpg */ = {isa = PBXFileReference; lastKnownFileType = image.jpeg; name = launchScreen.jpg; path = images/launchScreen.jpg; sourceTree = "<group>"; };
		A48599331D3B4C840050AC88 /* SVIndefiniteAnimatedView.h */ = {isa = PBXFileReference; fileEncoding = 4; lastKnownFileType = sourcecode.c.h; name = SVIndefiniteAnimatedView.h; path = functions/SVProgressHUD/SVIndefiniteAnimatedView.h; sourceTree = "<group>"; };
		A48599341D3B4C840050AC88 /* SVIndefiniteAnimatedView.m */ = {isa = PBXFileReference; fileEncoding = 4; lastKnownFileType = sourcecode.c.objc; name = SVIndefiniteAnimatedView.m; path = functions/SVProgressHUD/SVIndefiniteAnimatedView.m; sourceTree = "<group>"; };
		A48599351D3B4C840050AC88 /* SVProgressHUD-Prefix.pch */ = {isa = PBXFileReference; fileEncoding = 4; lastKnownFileType = sourcecode.c.h; name = "SVProgressHUD-Prefix.pch"; path = "functions/SVProgressHUD/SVProgressHUD-Prefix.pch"; sourceTree = "<group>"; };
		A48599361D3B4C840050AC88 /* SVProgressHUD.bundle */ = {isa = PBXFileReference; lastKnownFileType = "wrapper.plug-in"; name = SVProgressHUD.bundle; path = functions/SVProgressHUD/SVProgressHUD.bundle; sourceTree = "<group>"; };
		A48599371D3B4C840050AC88 /* SVProgressHUD.h */ = {isa = PBXFileReference; fileEncoding = 4; lastKnownFileType = sourcecode.c.h; name = SVProgressHUD.h; path = functions/SVProgressHUD/SVProgressHUD.h; sourceTree = "<group>"; };
		A48599381D3B4C840050AC88 /* SVProgressHUD.m */ = {isa = PBXFileReference; fileEncoding = 4; lastKnownFileType = sourcecode.c.objc; name = SVProgressHUD.m; path = functions/SVProgressHUD/SVProgressHUD.m; sourceTree = "<group>"; };
		A485993C1D3B51610050AC88 /* LoginViewController.h */ = {isa = PBXFileReference; fileEncoding = 4; lastKnownFileType = sourcecode.c.h; name = LoginViewController.h; path = functions/NSBDBusiness/LoginViewController.h; sourceTree = "<group>"; };
		A485993D1D3B51610050AC88 /* LoginViewController.m */ = {isa = PBXFileReference; fileEncoding = 4; lastKnownFileType = sourcecode.c.objc; name = LoginViewController.m; path = functions/NSBDBusiness/LoginViewController.m; sourceTree = "<group>"; };
		A485993F1D3BB52B0050AC88 /* MapViewManager.h */ = {isa = PBXFileReference; fileEncoding = 4; lastKnownFileType = sourcecode.c.h; path = MapViewManager.h; sourceTree = "<group>"; };
		A48599401D3BB52B0050AC88 /* MapViewManager.m */ = {isa = PBXFileReference; fileEncoding = 4; lastKnownFileType = sourcecode.c.objc; path = MapViewManager.m; sourceTree = "<group>"; };
		A4958F991D0DAC9F001FCE6F /* DetailInfoViewController.h */ = {isa = PBXFileReference; fileEncoding = 4; lastKnownFileType = sourcecode.c.h; path = DetailInfoViewController.h; sourceTree = "<group>"; };
		A4958F9A1D0DAC9F001FCE6F /* DetailInfoViewController.m */ = {isa = PBXFileReference; fileEncoding = 4; lastKnownFileType = sourcecode.c.objc; path = DetailInfoViewController.m; sourceTree = "<group>"; };
		A4958FA61D0EFA38001FCE6F /* RouteManager.h */ = {isa = PBXFileReference; fileEncoding = 4; lastKnownFileType = sourcecode.c.h; path = RouteManager.h; sourceTree = "<group>"; };
		A4958FA71D0EFA38001FCE6F /* RouteManager.m */ = {isa = PBXFileReference; fileEncoding = 4; lastKnownFileType = sourcecode.c.objc; path = RouteManager.m; sourceTree = "<group>"; };
		A4A3787C1D365DC100A7342D /* AFHTTPSessionManager.h */ = {isa = PBXFileReference; fileEncoding = 4; lastKnownFileType = sourcecode.c.h; name = AFHTTPSessionManager.h; path = functions/AFNetworking/AFHTTPSessionManager.h; sourceTree = "<group>"; };
		A4A3787D1D365DC100A7342D /* AFHTTPSessionManager.m */ = {isa = PBXFileReference; fileEncoding = 4; lastKnownFileType = sourcecode.c.objc; name = AFHTTPSessionManager.m; path = functions/AFNetworking/AFHTTPSessionManager.m; sourceTree = "<group>"; };
		A4A3787E1D365DC100A7342D /* AFNetworking.h */ = {isa = PBXFileReference; fileEncoding = 4; lastKnownFileType = sourcecode.c.h; name = AFNetworking.h; path = functions/AFNetworking/AFNetworking.h; sourceTree = "<group>"; };
		A4A3787F1D365DC100A7342D /* AFNetworkReachabilityManager.h */ = {isa = PBXFileReference; fileEncoding = 4; lastKnownFileType = sourcecode.c.h; name = AFNetworkReachabilityManager.h; path = functions/AFNetworking/AFNetworkReachabilityManager.h; sourceTree = "<group>"; };
		A4A378801D365DC100A7342D /* AFNetworkReachabilityManager.m */ = {isa = PBXFileReference; fileEncoding = 4; lastKnownFileType = sourcecode.c.objc; name = AFNetworkReachabilityManager.m; path = functions/AFNetworking/AFNetworkReachabilityManager.m; sourceTree = "<group>"; };
		A4A378811D365DC100A7342D /* AFSecurityPolicy.h */ = {isa = PBXFileReference; fileEncoding = 4; lastKnownFileType = sourcecode.c.h; name = AFSecurityPolicy.h; path = functions/AFNetworking/AFSecurityPolicy.h; sourceTree = "<group>"; };
		A4A378821D365DC100A7342D /* AFSecurityPolicy.m */ = {isa = PBXFileReference; fileEncoding = 4; lastKnownFileType = sourcecode.c.objc; name = AFSecurityPolicy.m; path = functions/AFNetworking/AFSecurityPolicy.m; sourceTree = "<group>"; };
		A4A378831D365DC100A7342D /* AFURLRequestSerialization.h */ = {isa = PBXFileReference; fileEncoding = 4; lastKnownFileType = sourcecode.c.h; name = AFURLRequestSerialization.h; path = functions/AFNetworking/AFURLRequestSerialization.h; sourceTree = "<group>"; };
		A4A378841D365DC100A7342D /* AFURLRequestSerialization.m */ = {isa = PBXFileReference; fileEncoding = 4; lastKnownFileType = sourcecode.c.objc; name = AFURLRequestSerialization.m; path = functions/AFNetworking/AFURLRequestSerialization.m; sourceTree = "<group>"; };
		A4A378851D365DC100A7342D /* AFURLResponseSerialization.h */ = {isa = PBXFileReference; fileEncoding = 4; lastKnownFileType = sourcecode.c.h; name = AFURLResponseSerialization.h; path = functions/AFNetworking/AFURLResponseSerialization.h; sourceTree = "<group>"; };
		A4A378861D365DC100A7342D /* AFURLResponseSerialization.m */ = {isa = PBXFileReference; fileEncoding = 4; lastKnownFileType = sourcecode.c.objc; name = AFURLResponseSerialization.m; path = functions/AFNetworking/AFURLResponseSerialization.m; sourceTree = "<group>"; };
		A4A378871D365DC100A7342D /* AFURLSessionManager.h */ = {isa = PBXFileReference; fileEncoding = 4; lastKnownFileType = sourcecode.c.h; name = AFURLSessionManager.h; path = functions/AFNetworking/AFURLSessionManager.h; sourceTree = "<group>"; };
		A4A378881D365DC100A7342D /* AFURLSessionManager.m */ = {isa = PBXFileReference; fileEncoding = 4; lastKnownFileType = sourcecode.c.objc; name = AFURLSessionManager.m; path = functions/AFNetworking/AFURLSessionManager.m; sourceTree = "<group>"; };
		A4A378901D378D7600A7342D /* QRCodeViewController.h */ = {isa = PBXFileReference; fileEncoding = 4; lastKnownFileType = sourcecode.c.h; name = QRCodeViewController.h; path = functions/NSBDBusiness/QRCodeViewController.h; sourceTree = "<group>"; };
		A4A378911D378D7600A7342D /* QRCodeViewController.m */ = {isa = PBXFileReference; fileEncoding = 4; lastKnownFileType = sourcecode.c.objc; name = QRCodeViewController.m; path = functions/NSBDBusiness/QRCodeViewController.m; sourceTree = "<group>"; };
		A4DD86831D0976B00096B548 /* NSBDMobileSearchPlatform.app */ = {isa = PBXFileReference; explicitFileType = wrapper.application; includeInIndex = 0; path = NSBDMobileSearchPlatform.app; sourceTree = BUILT_PRODUCTS_DIR; };
		A4DD86871D0976B00096B548 /* main.m */ = {isa = PBXFileReference; lastKnownFileType = sourcecode.c.objc; path = main.m; sourceTree = "<group>"; };
		A4DD86891D0976B00096B548 /* AppDelegate.h */ = {isa = PBXFileReference; lastKnownFileType = sourcecode.c.h; path = AppDelegate.h; sourceTree = "<group>"; };
		A4DD868A1D0976B00096B548 /* AppDelegate.m */ = {isa = PBXFileReference; lastKnownFileType = sourcecode.c.objc; path = AppDelegate.m; sourceTree = "<group>"; };
		A4DD868C1D0976B00096B548 /* MapViewController.h */ = {isa = PBXFileReference; lastKnownFileType = sourcecode.c.h; path = MapViewController.h; sourceTree = "<group>"; };
		A4DD868D1D0976B00096B548 /* MapViewController.m */ = {isa = PBXFileReference; lastKnownFileType = sourcecode.c.objc; path = MapViewController.m; sourceTree = "<group>"; };
		A4DD86901D0976B00096B548 /* Base */ = {isa = PBXFileReference; lastKnownFileType = file.storyboard; name = Base; path = Base.lproj/Main.storyboard; sourceTree = "<group>"; };
		A4DD86921D0976B00096B548 /* Assets.xcassets */ = {isa = PBXFileReference; lastKnownFileType = folder.assetcatalog; path = Assets.xcassets; sourceTree = "<group>"; };
		A4DD86951D0976B00096B548 /* Base */ = {isa = PBXFileReference; lastKnownFileType = file.storyboard; name = Base; path = Base.lproj/LaunchScreen.storyboard; sourceTree = "<group>"; };
		A4DD86971D0976B00096B548 /* Info.plist */ = {isa = PBXFileReference; lastKnownFileType = text.plist.xml; path = Info.plist; sourceTree = "<group>"; };
		A4DD869D1D0978FC0096B548 /* ArcGIS.bundle */ = {isa = PBXFileReference; lastKnownFileType = "wrapper.plug-in"; path = ArcGIS.bundle; sourceTree = "<group>"; };
		A4DD869F1D097A9A0096B548 /* libc++.tbd */ = {isa = PBXFileReference; lastKnownFileType = "sourcecode.text-based-dylib-definition"; name = "libc++.tbd"; path = "usr/lib/libc++.tbd"; sourceTree = SDKROOT; };
		B21163E61D0FB03A003F90A6 /* RouteViewController.h */ = {isa = PBXFileReference; fileEncoding = 4; lastKnownFileType = sourcecode.c.h; path = RouteViewController.h; sourceTree = "<group>"; };
		B21163E71D0FB03A003F90A6 /* RouteViewController.m */ = {isa = PBXFileReference; fileEncoding = 4; lastKnownFileType = sourcecode.c.objc; path = RouteViewController.m; sourceTree = "<group>"; };
		B21163E91D0FB043003F90A6 /* PrefixHeader.pch */ = {isa = PBXFileReference; fileEncoding = 4; lastKnownFileType = sourcecode.c.h; path = PrefixHeader.pch; sourceTree = "<group>"; };
/* End PBXFileReference section */

/* Begin PBXFrameworksBuildPhase section */
		A4DD86801D0976B00096B548 /* Frameworks */ = {
			isa = PBXFrameworksBuildPhase;
			buildActionMask = 2147483647;
			files = (
				A4DD86A01D097A9A0096B548 /* libc++.tbd in Frameworks */,
			);
			runOnlyForDeploymentPostprocessing = 0;
		};
/* End PBXFrameworksBuildPhase section */

/* Begin PBXGroup section */
		A414AC7F1D39D16F0065AAA7 /* Util */ = {
			isa = PBXGroup;
			children = (
				A414AC801D39D17B0065AAA7 /* HttpManager.h */,
				A414AC811D39D17B0065AAA7 /* HttpManager.m */,
			);
			name = Util;
			sourceTree = "<group>";
		};
		A414ACA31D3A1D500065AAA7 /* ELCImagePicker */ = {
			isa = PBXGroup;
			children = (
				A414ACAF1D3A1D890065AAA7 /* ELCAlbumPickerController.h */,
				A414ACB01D3A1D890065AAA7 /* ELCAlbumPickerController.m */,
				A414ACB11D3A1D890065AAA7 /* ELCAsset.h */,
				A414ACB21D3A1D890065AAA7 /* ELCAsset.m */,
				A414ACB31D3A1D890065AAA7 /* ELCAssetCell.h */,
				A414ACB41D3A1D890065AAA7 /* ELCAssetCell.m */,
				A414ACB51D3A1D890065AAA7 /* ELCAssetPickerFilterDelegate.h */,
				A414ACB61D3A1D890065AAA7 /* ELCAssetSelectionDelegate.h */,
				A414ACB71D3A1D890065AAA7 /* ELCAssetTablePicker.h */,
				A414ACB81D3A1D890065AAA7 /* ELCAssetTablePicker.m */,
				A414ACB91D3A1D890065AAA7 /* ELCConsole.h */,
				A414ACBA1D3A1D890065AAA7 /* ELCConsole.m */,
				A414ACBB1D3A1D890065AAA7 /* ELCImagePickerController.h */,
				A414ACBC1D3A1D890065AAA7 /* ELCImagePickerController.m */,
				A414ACBD1D3A1D890065AAA7 /* ELCImagePickerHeader.h */,
				A414ACBE1D3A1D890065AAA7 /* ELCOverlayImageView.h */,
				A414ACBF1D3A1D890065AAA7 /* ELCOverlayImageView.m */,
				A414ACA41D3A1D6C0065AAA7 /* Resources */,
			);
			name = ELCImagePicker;
			sourceTree = "<group>";
		};
		A414ACA41D3A1D6C0065AAA7 /* Resources */ = {
			isa = PBXGroup;
			children = (
				A414ACA51D3A1D6C0065AAA7 /* ELCAlbumPickerController.xib */,
				A414ACA61D3A1D6C0065AAA7 /* ELCAssetPicker.xib */,
				A414ACA71D3A1D6C0065AAA7 /* ELCAssetTablePicker.xib */,
				A414ACA81D3A1D6C0065AAA7 /* Overlay.png */,
				A414ACA91D3A1D6C0065AAA7 /* Overlay@2x.png */,
			);
			name = Resources;
			path = functions/ELCImagePicker/Resources;
			sourceTree = "<group>";
		};
		A4569C8C1D33B50800A06B1C /* DropDownField */ = {
			isa = PBXGroup;
			children = (
				A4569C8D1D33B53800A06B1C /* DownPicker.h */,
				A4569C8E1D33B53800A06B1C /* DownPicker.m */,
				A4569C8F1D33B53800A06B1C /* UIDownPicker.h */,
				A4569C901D33B53800A06B1C /* UIDownPicker.m */,
			);
			name = DropDownField;
			sourceTree = "<group>";
		};
		A4569C931D33B54E00A06B1C /* NSBDBusiness */ = {
			isa = PBXGroup;
			children = (
				A4569C941D33B55B00A06B1C /* Controllers */,
			);
			name = NSBDBusiness;
			sourceTree = "<group>";
		};
		A4569C941D33B55B00A06B1C /* Controllers */ = {
			isa = PBXGroup;
			children = (
				A414AC971D3A1CD10065AAA7 /* ImagePickerViewController.h */,
				A414AC981D3A1CD10065AAA7 /* ImagePickerViewController.m */,
				A414AC991D3A1CD10065AAA7 /* SupportRotationSelectBaseViewController.h */,
				A414AC9A1D3A1CD10065AAA7 /* SupportRotationSelectBaseViewController.m */,
				A414AC9B1D3A1CD10065AAA7 /* SupportRotationSelectNavigationController.h */,
				A414AC9C1D3A1CD10065AAA7 /* SupportRotationSelectNavigationController.m */,
				A414AC9D1D3A1CD10065AAA7 /* VideoPlayViewController.h */,
				A414AC9E1D3A1CD10065AAA7 /* VideoPlayViewController.m */,
				A4A378901D378D7600A7342D /* QRCodeViewController.h */,
				A4A378911D378D7600A7342D /* QRCodeViewController.m */,
				A4569C951D33B5AE00A06B1C /* EventReportViewController.h */,
				A4569C961D33B5AE00A06B1C /* EventReportViewController.m */,
				A414ACC71D3B20970065AAA7 /* WebViewController.h */,
				A414ACC81D3B20970065AAA7 /* WebViewController.m */,
				A485993C1D3B51610050AC88 /* LoginViewController.h */,
				A485993D1D3B51610050AC88 /* LoginViewController.m */,
			);
			name = Controllers;
			sourceTree = "<group>";
		};
		A48021FF1D32210900AE2AF9 /* functions */ = {
			isa = PBXGroup;
			children = (
				A48599321D3B4C720050AC88 /* SVProgresssHUD */,
				A414ACA31D3A1D500065AAA7 /* ELCImagePicker */,
				A414AC7F1D39D16F0065AAA7 /* Util */,
				A4A3788F1D365DC700A7342D /* AFNetworking */,
				A4569C931D33B54E00A06B1C /* NSBDBusiness */,
				A4569C8C1D33B50800A06B1C /* DropDownField */,
				A48022031D32217700AE2AF9 /* Users */,
			);
			name = functions;
			sourceTree = "<group>";
		};
		A48022031D32217700AE2AF9 /* Users */ = {
			isa = PBXGroup;
			children = (
				A48022001D32216A00AE2AF9 /* User.h */,
				A48022011D32216A00AE2AF9 /* User.m */,
			);
			name = Users;
			sourceTree = "<group>";
		};
		A48022071D32297600AE2AF9 /* Model */ = {
			isa = PBXGroup;
			children = (
				A48022081D32298300AE2AF9 /* Item */,
			);
			name = Model;
			sourceTree = "<group>";
		};
		A48022081D32298300AE2AF9 /* Item */ = {
			isa = PBXGroup;
			children = (
				A48022091D3229AB00AE2AF9 /* CallOutItem.h */,
				A480220A1D3229AB00AE2AF9 /* CallOutItem.m */,
			);
			name = Item;
			sourceTree = "<group>";
		};
		A48599321D3B4C720050AC88 /* SVProgresssHUD */ = {
			isa = PBXGroup;
			children = (
				A48599331D3B4C840050AC88 /* SVIndefiniteAnimatedView.h */,
				A48599341D3B4C840050AC88 /* SVIndefiniteAnimatedView.m */,
				A48599351D3B4C840050AC88 /* SVProgressHUD-Prefix.pch */,
				A48599361D3B4C840050AC88 /* SVProgressHUD.bundle */,
				A48599371D3B4C840050AC88 /* SVProgressHUD.h */,
				A48599381D3B4C840050AC88 /* SVProgressHUD.m */,
			);
			name = SVProgresssHUD;
			sourceTree = "<group>";
		};
		A4958F981D0DAC7B001FCE6F /* Controllers */ = {
			isa = PBXGroup;
			children = (
				A4DD868C1D0976B00096B548 /* MapViewController.h */,
				A4DD868D1D0976B00096B548 /* MapViewController.m */,
				B21163E61D0FB03A003F90A6 /* RouteViewController.h */,
				B21163E71D0FB03A003F90A6 /* RouteViewController.m */,
				A4958F991D0DAC9F001FCE6F /* DetailInfoViewController.h */,
				A4958F9A1D0DAC9F001FCE6F /* DetailInfoViewController.m */,
				A48021FC1D320C9600AE2AF9 /* MapViewController+Action.h */,
				A48021FD1D320C9600AE2AF9 /* MapViewController+Action.m */,
			);
			name = Controllers;
			sourceTree = "<group>";
		};
		A4958F9C1D0EEC29001FCE6F /* images */ = {
			isa = PBXGroup;
			children = (
				A485992B1D3B42BD0050AC88 /* launchScreen.jpg */,
				A414AC891D3A08150065AAA7 /* addbook_book_cover@2x.png */,
				A414AC8A1D3A08150065AAA7 /* addbook_book_cover@3x.png */,
				A414AC8B1D3A08150065AAA7 /* RedPushpin.png */,
				A414AC8C1D3A08150065AAA7 /* RedPushpin@2x.png */,
			);
			name = images;
			sourceTree = "<group>";
		};
		A4958FA51D0EFA10001FCE6F /* manager */ = {
			isa = PBXGroup;
			children = (
				A4958FA61D0EFA38001FCE6F /* RouteManager.h */,
				A4958FA71D0EFA38001FCE6F /* RouteManager.m */,
				A485993F1D3BB52B0050AC88 /* MapViewManager.h */,
				A48599401D3BB52B0050AC88 /* MapViewManager.m */,
			);
			name = manager;
			sourceTree = "<group>";
		};
		A4A3788F1D365DC700A7342D /* AFNetworking */ = {
			isa = PBXGroup;
			children = (
				A4A3787C1D365DC100A7342D /* AFHTTPSessionManager.h */,
				A4A3787D1D365DC100A7342D /* AFHTTPSessionManager.m */,
				A4A3787E1D365DC100A7342D /* AFNetworking.h */,
				A4A3787F1D365DC100A7342D /* AFNetworkReachabilityManager.h */,
				A4A378801D365DC100A7342D /* AFNetworkReachabilityManager.m */,
				A4A378811D365DC100A7342D /* AFSecurityPolicy.h */,
				A4A378821D365DC100A7342D /* AFSecurityPolicy.m */,
				A4A378831D365DC100A7342D /* AFURLRequestSerialization.h */,
				A4A378841D365DC100A7342D /* AFURLRequestSerialization.m */,
				A4A378851D365DC100A7342D /* AFURLResponseSerialization.h */,
				A4A378861D365DC100A7342D /* AFURLResponseSerialization.m */,
				A4A378871D365DC100A7342D /* AFURLSessionManager.h */,
				A4A378881D365DC100A7342D /* AFURLSessionManager.m */,
			);
			name = AFNetworking;
			sourceTree = "<group>";
		};
		A4DD867A1D0976B00096B548 = {
			isa = PBXGroup;
			children = (
				A48021FF1D32210900AE2AF9 /* functions */,
				A4DD869F1D097A9A0096B548 /* libc++.tbd */,
				A4DD86851D0976B00096B548 /* arcgis */,
				A4DD86841D0976B00096B548 /* Products */,
			);
			sourceTree = "<group>";
		};
		A4DD86841D0976B00096B548 /* Products */ = {
			isa = PBXGroup;
			children = (
				A4DD86831D0976B00096B548 /* NSBDMobileSearchPlatform.app */,
			);
			name = Products;
			sourceTree = "<group>";
		};
		A4DD86851D0976B00096B548 /* arcgis */ = {
			isa = PBXGroup;
			children = (
				A48022071D32297600AE2AF9 /* Model */,
				B21163EA1D0FB224003F90A6 /* Views */,
				A4958FA51D0EFA10001FCE6F /* manager */,
				A4958F981D0DAC7B001FCE6F /* Controllers */,
				A4DD86891D0976B00096B548 /* AppDelegate.h */,
				A4DD868A1D0976B00096B548 /* AppDelegate.m */,
				A480221E1D32512700AE2AF9 /* AppDelegate+LaunchInits.h */,
				A480221F1D32512700AE2AF9 /* AppDelegate+LaunchInits.m */,
				A4DD868F1D0976B00096B548 /* Main.storyboard */,
				A4DD86921D0976B00096B548 /* Assets.xcassets */,
				A4DD86941D0976B00096B548 /* LaunchScreen.storyboard */,
				A4DD86971D0976B00096B548 /* Info.plist */,
				A4DD86861D0976B00096B548 /* Supporting Files */,
			);
			name = arcgis;
			path = arcgisHelloworld;
			sourceTree = "<group>";
		};
		A4DD86861D0976B00096B548 /* Supporting Files */ = {
			isa = PBXGroup;
			children = (
				B21163E91D0FB043003F90A6 /* PrefixHeader.pch */,
				A48022111D32365500AE2AF9 /* CommonDefine.h */,
				A4958F9C1D0EEC29001FCE6F /* images */,
				A4DD869D1D0978FC0096B548 /* ArcGIS.bundle */,
				A4DD86871D0976B00096B548 /* main.m */,
			);
			name = "Supporting Files";
			sourceTree = "<group>";
		};
		B21163EA1D0FB224003F90A6 /* Views */ = {
			isa = PBXGroup;
			children = (
				A48022041D32262600AE2AF9 /* ItemCallOutView.h */,
				A48022051D32262600AE2AF9 /* ItemCallOutView.m */,
			);
			name = Views;
			sourceTree = "<group>";
		};
/* End PBXGroup section */

/* Begin PBXNativeTarget section */
		A4DD86821D0976B00096B548 /* NSBDMobileSearchPlatform */ = {
			isa = PBXNativeTarget;
			buildConfigurationList = A4DD869A1D0976B00096B548 /* Build configuration list for PBXNativeTarget "NSBDMobileSearchPlatform" */;
			buildPhases = (
				A4DD867F1D0976B00096B548 /* Sources */,
				A4DD86801D0976B00096B548 /* Frameworks */,
				A4DD86811D0976B00096B548 /* Resources */,
			);
			buildRules = (
			);
			dependencies = (
			);
			name = NSBDMobileSearchPlatform;
			productName = arcgisHelloworld;
			productReference = A4DD86831D0976B00096B548 /* NSBDMobileSearchPlatform.app */;
			productType = "com.apple.product-type.application";
		};
/* End PBXNativeTarget section */

/* Begin PBXProject section */
		A4DD867B1D0976B00096B548 /* Project object */ = {
			isa = PBXProject;
			attributes = {
				LastUpgradeCheck = 0720;
				ORGANIZATIONNAME = fifila;
				TargetAttributes = {
					A4DD86821D0976B00096B548 = {
						CreatedOnToolsVersion = 7.2;
						DevelopmentTeam = YEPQ327WH5;
					};
				};
			};
			buildConfigurationList = A4DD867E1D0976B00096B548 /* Build configuration list for PBXProject "NSBDMobileSearchPlatform" */;
			compatibilityVersion = "Xcode 3.2";
			developmentRegion = English;
			hasScannedForEncodings = 0;
			knownRegions = (
				en,
				Base,
			);
			mainGroup = A4DD867A1D0976B00096B548;
			productRefGroup = A4DD86841D0976B00096B548 /* Products */;
			projectDirPath = "";
			projectRoot = "";
			targets = (
				A4DD86821D0976B00096B548 /* NSBDMobileSearchPlatform */,
			);
		};
/* End PBXProject section */

/* Begin PBXResourcesBuildPhase section */
		A4DD86811D0976B00096B548 /* Resources */ = {
			isa = PBXResourcesBuildPhase;
			buildActionMask = 2147483647;
			files = (
				A414ACAD1D3A1D6C0065AAA7 /* Overlay.png in Resources */,
				A414ACAA1D3A1D6C0065AAA7 /* ELCAlbumPickerController.xib in Resources */,
				A414ACAC1D3A1D6C0065AAA7 /* ELCAssetTablePicker.xib in Resources */,
				A414AC901D3A08150065AAA7 /* RedPushpin@2x.png in Resources */,
				A414ACAE1D3A1D6C0065AAA7 /* Overlay@2x.png in Resources */,
				A4DD86961D0976B00096B548 /* LaunchScreen.storyboard in Resources */,
				A414AC8E1D3A08150065AAA7 /* addbook_book_cover@3x.png in Resources */,
				A414AC8F1D3A08150065AAA7 /* RedPushpin.png in Resources */,
				A4DD86931D0976B00096B548 /* Assets.xcassets in Resources */,
				A4DD869E1D0978FC0096B548 /* ArcGIS.bundle in Resources */,
				A485993A1D3B4C840050AC88 /* SVProgressHUD.bundle in Resources */,
				A485992C1D3B42BD0050AC88 /* launchScreen.jpg in Resources */,
				A4DD86911D0976B00096B548 /* Main.storyboard in Resources */,
				A414AC8D1D3A08150065AAA7 /* addbook_book_cover@2x.png in Resources */,
				A414ACAB1D3A1D6C0065AAA7 /* ELCAssetPicker.xib in Resources */,
			);
			runOnlyForDeploymentPostprocessing = 0;
		};
/* End PBXResourcesBuildPhase section */

/* Begin PBXSourcesBuildPhase section */
		A4DD867F1D0976B00096B548 /* Sources */ = {
			isa = PBXSourcesBuildPhase;
			buildActionMask = 2147483647;
			files = (
				A485993E1D3B51610050AC88 /* LoginViewController.m in Sources */,
				A48022021D32216A00AE2AF9 /* User.m in Sources */,
				A414ACC61D3A1D890065AAA7 /* ELCOverlayImageView.m in Sources */,
				A414ACC11D3A1D890065AAA7 /* ELCAsset.m in Sources */,
				A48022201D32512700AE2AF9 /* AppDelegate+LaunchInits.m in Sources */,
				A4DD868E1D0976B00096B548 /* MapViewController.m in Sources */,
				A485993B1D3B4C840050AC88 /* SVProgressHUD.m in Sources */,
				A48599391D3B4C840050AC88 /* SVIndefiniteAnimatedView.m in Sources */,
				A414ACC31D3A1D890065AAA7 /* ELCAssetTablePicker.m in Sources */,
				A4A3788E1D365DC100A7342D /* AFURLSessionManager.m in Sources */,
				A414ACA21D3A1CD10065AAA7 /* VideoPlayViewController.m in Sources */,
				A414ACC21D3A1D890065AAA7 /* ELCAssetCell.m in Sources */,
				A4DD868B1D0976B00096B548 /* AppDelegate.m in Sources */,
				A480220B1D3229AB00AE2AF9 /* CallOutItem.m in Sources */,
				A4569C971D33B5AE00A06B1C /* EventReportViewController.m in Sources */,
				A4A378891D365DC100A7342D /* AFHTTPSessionManager.m in Sources */,
				A4569C911D33B53800A06B1C /* DownPicker.m in Sources */,
				B21163E81D0FB03A003F90A6 /* RouteViewController.m in Sources */,
				A414ACC51D3A1D890065AAA7 /* ELCImagePickerController.m in Sources */,
				A4A3788B1D365DC100A7342D /* AFSecurityPolicy.m in Sources */,
				A48022061D32262600AE2AF9 /* ItemCallOutView.m in Sources */,
				A4A3788C1D365DC100A7342D /* AFURLRequestSerialization.m in Sources */,
				A4A3788A1D365DC100A7342D /* AFNetworkReachabilityManager.m in Sources */,
				A4A3788D1D365DC100A7342D /* AFURLResponseSerialization.m in Sources */,
				A414AC821D39D17B0065AAA7 /* HttpManager.m in Sources */,
				A4569C921D33B53800A06B1C /* UIDownPicker.m in Sources */,
				A414AC9F1D3A1CD10065AAA7 /* ImagePickerViewController.m in Sources */,
				A4958FA81D0EFA38001FCE6F /* RouteManager.m in Sources */,
				A414ACC91D3B20970065AAA7 /* WebViewController.m in Sources */,
				A414ACA01D3A1CD10065AAA7 /* SupportRotationSelectBaseViewController.m in Sources */,
				A4A378921D378D7600A7342D /* QRCodeViewController.m in Sources */,
				A4DD86881D0976B00096B548 /* main.m in Sources */,
				A48021FE1D320C9600AE2AF9 /* MapViewController+Action.m in Sources */,
				A4958F9B1D0DAC9F001FCE6F /* DetailInfoViewController.m in Sources */,
				A414ACA11D3A1CD10065AAA7 /* SupportRotationSelectNavigationController.m in Sources */,
				A48599411D3BB52B0050AC88 /* MapViewManager.m in Sources */,
				A414ACC01D3A1D890065AAA7 /* ELCAlbumPickerController.m in Sources */,
				A414ACC41D3A1D890065AAA7 /* ELCConsole.m in Sources */,
			);
			runOnlyForDeploymentPostprocessing = 0;
		};
/* End PBXSourcesBuildPhase section */

/* Begin PBXVariantGroup section */
		A4DD868F1D0976B00096B548 /* Main.storyboard */ = {
			isa = PBXVariantGroup;
			children = (
				A4DD86901D0976B00096B548 /* Base */,
			);
			name = Main.storyboard;
			sourceTree = "<group>";
		};
		A4DD86941D0976B00096B548 /* LaunchScreen.storyboard */ = {
			isa = PBXVariantGroup;
			children = (
				A4DD86951D0976B00096B548 /* Base */,
			);
			name = LaunchScreen.storyboard;
			sourceTree = "<group>";
		};
/* End PBXVariantGroup section */

/* Begin XCBuildConfiguration section */
		A4DD86981D0976B00096B548 /* Debug */ = {
			isa = XCBuildConfiguration;
			buildSettings = {
				ALWAYS_SEARCH_USER_PATHS = NO;
				CLANG_CXX_LANGUAGE_STANDARD = "gnu++0x";
				CLANG_CXX_LIBRARY = "libc++";
				CLANG_ENABLE_MODULES = YES;
				CLANG_ENABLE_OBJC_ARC = YES;
				CLANG_WARN_BOOL_CONVERSION = YES;
				CLANG_WARN_CONSTANT_CONVERSION = YES;
				CLANG_WARN_DIRECT_OBJC_ISA_USAGE = YES_ERROR;
				CLANG_WARN_EMPTY_BODY = YES;
				CLANG_WARN_ENUM_CONVERSION = YES;
				CLANG_WARN_INT_CONVERSION = YES;
				CLANG_WARN_OBJC_ROOT_CLASS = YES_ERROR;
				CLANG_WARN_UNREACHABLE_CODE = YES;
				CLANG_WARN__DUPLICATE_METHOD_MATCH = YES;
				"CODE_SIGN_IDENTITY[sdk=iphoneos*]" = "iPhone Developer";
				COPY_PHASE_STRIP = NO;
				DEBUG_INFORMATION_FORMAT = dwarf;
				ENABLE_STRICT_OBJC_MSGSEND = YES;
				ENABLE_TESTABILITY = YES;
				GCC_C_LANGUAGE_STANDARD = gnu99;
				GCC_DYNAMIC_NO_PIC = NO;
				GCC_NO_COMMON_BLOCKS = YES;
				GCC_OPTIMIZATION_LEVEL = 0;
				GCC_PREPROCESSOR_DEFINITIONS = (
					"DEBUG=1",
					"$(inherited)",
				);
				GCC_WARN_64_TO_32_BIT_CONVERSION = YES;
				GCC_WARN_ABOUT_RETURN_TYPE = YES_ERROR;
				GCC_WARN_UNDECLARED_SELECTOR = YES;
				GCC_WARN_UNINITIALIZED_AUTOS = YES_AGGRESSIVE;
				GCC_WARN_UNUSED_FUNCTION = YES;
				GCC_WARN_UNUSED_VARIABLE = YES;
				IPHONEOS_DEPLOYMENT_TARGET = 9.2;
				MTL_ENABLE_DEBUG_INFO = YES;
				ONLY_ACTIVE_ARCH = YES;
				SDKROOT = iphoneos;
			};
			name = Debug;
		};
		A4DD86991D0976B00096B548 /* Release */ = {
			isa = XCBuildConfiguration;
			buildSettings = {
				ALWAYS_SEARCH_USER_PATHS = NO;
				CLANG_CXX_LANGUAGE_STANDARD = "gnu++0x";
				CLANG_CXX_LIBRARY = "libc++";
				CLANG_ENABLE_MODULES = YES;
				CLANG_ENABLE_OBJC_ARC = YES;
				CLANG_WARN_BOOL_CONVERSION = YES;
				CLANG_WARN_CONSTANT_CONVERSION = YES;
				CLANG_WARN_DIRECT_OBJC_ISA_USAGE = YES_ERROR;
				CLANG_WARN_EMPTY_BODY = YES;
				CLANG_WARN_ENUM_CONVERSION = YES;
				CLANG_WARN_INT_CONVERSION = YES;
				CLANG_WARN_OBJC_ROOT_CLASS = YES_ERROR;
				CLANG_WARN_UNREACHABLE_CODE = YES;
				CLANG_WARN__DUPLICATE_METHOD_MATCH = YES;
				"CODE_SIGN_IDENTITY[sdk=iphoneos*]" = "iPhone Developer";
				COPY_PHASE_STRIP = NO;
				DEBUG_INFORMATION_FORMAT = "dwarf-with-dsym";
				ENABLE_NS_ASSERTIONS = NO;
				ENABLE_STRICT_OBJC_MSGSEND = YES;
				GCC_C_LANGUAGE_STANDARD = gnu99;
				GCC_NO_COMMON_BLOCKS = YES;
				GCC_WARN_64_TO_32_BIT_CONVERSION = YES;
				GCC_WARN_ABOUT_RETURN_TYPE = YES_ERROR;
				GCC_WARN_UNDECLARED_SELECTOR = YES;
				GCC_WARN_UNINITIALIZED_AUTOS = YES_AGGRESSIVE;
				GCC_WARN_UNUSED_FUNCTION = YES;
				GCC_WARN_UNUSED_VARIABLE = YES;
				IPHONEOS_DEPLOYMENT_TARGET = 9.2;
				MTL_ENABLE_DEBUG_INFO = NO;
				SDKROOT = iphoneos;
				VALIDATE_PRODUCT = YES;
			};
			name = Release;
		};
		A4DD869B1D0976B00096B548 /* Debug */ = {
			isa = XCBuildConfiguration;
			buildSettings = {
				ASSETCATALOG_COMPILER_APPICON_NAME = AppIcon;
				CODE_SIGN_IDENTITY = "iPhone Developer";
				"CODE_SIGN_IDENTITY[sdk=iphoneos*]" = "iPhone Developer";
				ENABLE_BITCODE = NO;
				FRAMEWORK_SEARCH_PATHS = "$(HOME)/Library/SDKs/ArcGIS/**";
				GCC_PRECOMPILE_PREFIX_HEADER = YES;
				GCC_PREFIX_HEADER = arcgisHelloworld/PrefixHeader.pch;
				INFOPLIST_FILE = arcgisHelloworld/Info.plist;
				IPHONEOS_DEPLOYMENT_TARGET = 7.0;
				LD_RUNPATH_SEARCH_PATHS = "$(inherited) @executable_path/Frameworks";
				OTHER_LDFLAGS = (
					"-all_load",
					"-ObjC",
					"-framework",
					ArcGIS,
				);
				PRODUCT_BUNDLE_IDENTIFIER = cn.com.fifila.arcgisHelloworld;
				PRODUCT_NAME = NSBDMobileSearchPlatform;
				PROVISIONING_PROFILE = "";
			};
			name = Debug;
		};
		A4DD869C1D0976B00096B548 /* Release */ = {
			isa = XCBuildConfiguration;
			buildSettings = {
				ASSETCATALOG_COMPILER_APPICON_NAME = AppIcon;
				CODE_SIGN_IDENTITY = "iPhone Developer";
				"CODE_SIGN_IDENTITY[sdk=iphoneos*]" = "iPhone Developer";
				ENABLE_BITCODE = NO;
				FRAMEWORK_SEARCH_PATHS = "$(HOME)/Library/SDKs/ArcGIS/**";
				GCC_PRECOMPILE_PREFIX_HEADER = YES;
				GCC_PREFIX_HEADER = arcgisHelloworld/PrefixHeader.pch;
				INFOPLIST_FILE = arcgisHelloworld/Info.plist;
				IPHONEOS_DEPLOYMENT_TARGET = 7.0;
				LD_RUNPATH_SEARCH_PATHS = "$(inherited) @executable_path/Frameworks";
				OTHER_LDFLAGS = (
					"-all_load",
					"-ObjC",
					"-framework",
					ArcGIS,
				);
				PRODUCT_BUNDLE_IDENTIFIER = cn.com.fifila.arcgisHelloworld;
				PRODUCT_NAME = NSBDMobileSearchPlatform;
				PROVISIONING_PROFILE = "";
			};
			name = Release;
		};
/* End XCBuildConfiguration section */

/* Begin XCConfigurationList section */
		A4DD867E1D0976B00096B548 /* Build configuration list for PBXProject "NSBDMobileSearchPlatform" */ = {
			isa = XCConfigurationList;
			buildConfigurations = (
				A4DD86981D0976B00096B548 /* Debug */,
				A4DD86991D0976B00096B548 /* Release */,
			);
			defaultConfigurationIsVisible = 0;
			defaultConfigurationName = Release;
		};
		A4DD869A1D0976B00096B548 /* Build configuration list for PBXNativeTarget "NSBDMobileSearchPlatform" */ = {
			isa = XCConfigurationList;
			buildConfigurations = (
				A4DD869B1D0976B00096B548 /* Debug */,
				A4DD869C1D0976B00096B548 /* Release */,
			);
			defaultConfigurationIsVisible = 0;
			defaultConfigurationName = Release;
		};
/* End XCConfigurationList section */
	};
	rootObject = A4DD867B1D0976B00096B548 /* Project object */;
}
